
Microsoft Visual Studio Solution File, Format Version 12.00
# Visual Studio 15
VisualStudioVersion = 15.0.27130.2036
MinimumVisualStudioVersion = 10.0.40219.1
Project("{FAE04EC0-301F-11D3-BF4B-00C04F79EFBC}") = "EuclideanAlgorithms", "EuclideanAlgorithms\EuclideanAlgorithms.csproj", "{CBA41B66-92E8-4F8B-9A41-DFA57D722F86}"
EndProject
Project("{FAE04EC0-301F-11D3-BF4B-00C04F79EFBC}") = "GreatestCommonDivisor.Tests", "GreatestCommonDivisor.Tests\GreatestCommonDivisor.Tests.csproj", "{E81F3704-460D-4A87-99F0-3D2EF1DF9A56}"
EndProject
Project("{FAE04EC0-301F-11D3-BF4B-00C04F79EFBC}") = "SteinsAlgorithm", "SteinsAlgorithm\SteinsAlgorithm.csproj", "{F7D64285-3754-44B1-A737-4F34B393F604}"
EndProject
Project("{FAE04EC0-301F-11D3-BF4B-00C04F79EFBC}") = "ExtensionsForString", "ExtensionsForString\ExtensionsForString.csproj", "{5FFAB8D6-860D-4274-867F-4BC7E75F3BD2}"
EndProject
Project("{FAE04EC0-301F-11D3-BF4B-00C04F79EFBC}") = "ConverTo.Tests", "ConverTo.Tests\ConverTo.Tests.csproj", "{76CFCAE2-AE8F-4CB7-B99B-6321D55A34F7}"
EndProject
Global
	GlobalSection(SolutionConfigurationPlatforms) = preSolution
		Debug|Any CPU = Debug|Any CPU
		Release|Any CPU = Release|Any CPU
	EndGlobalSection
	GlobalSection(ProjectConfigurationPlatforms) = postSolution
		{CBA41B66-92E8-4F8B-9A41-DFA57D722F86}.Debug|Any CPU.ActiveCfg = Debug|Any CPU
		{CBA41B66-92E8-4F8B-9A41-DFA57D722F86}.Debug|Any CPU.Build.0 = Debug|Any CPU
		{CBA41B66-92E8-4F8B-9A41-DFA57D722F86}.Release|Any CPU.ActiveCfg = Release|Any CPU
		{CBA41B66-92E8-4F8B-9A41-DFA57D722F86}.Release|Any CPU.Build.0 = Release|Any CPU
		{E81F3704-460D-4A87-99F0-3D2EF1DF9A56}.Debug|Any CPU.ActiveCfg = Debug|Any CPU
		{E81F3704-460D-4A87-99F0-3D2EF1DF9A56}.Debug|Any CPU.Build.0 = Debug|Any CPU
		{E81F3704-460D-4A87-99F0-3D2EF1DF9A56}.Release|Any CPU.ActiveCfg = Release|Any CPU
		{E81F3704-460D-4A87-99F0-3D2EF1DF9A56}.Release|Any CPU.Build.0 = Release|Any CPU
		{F7D64285-3754-44B1-A737-4F34B393F604}.Debug|Any CPU.ActiveCfg = Debug|Any CPU
		{F7D64285-3754-44B1-A737-4F34B393F604}.Debug|Any CPU.Build.0 = Debug|Any CPU
		{F7D64285-3754-44B1-A737-4F34B393F604}.Release|Any CPU.ActiveCfg = Release|Any CPU
		{F7D64285-3754-44B1-A737-4F34B393F604}.Release|Any CPU.Build.0 = Release|Any CPU
		{5FFAB8D6-860D-4274-867F-4BC7E75F3BD2}.Debug|Any CPU.ActiveCfg = Debug|Any CPU
		{5FFAB8D6-860D-4274-867F-4BC7E75F3BD2}.Debug|Any CPU.Build.0 = Debug|Any CPU
		{5FFAB8D6-860D-4274-867F-4BC7E75F3BD2}.Release|Any CPU.ActiveCfg = Release|Any CPU
		{5FFAB8D6-860D-4274-867F-4BC7E75F3BD2}.Release|Any CPU.Build.0 = Release|Any CPU
		{76CFCAE2-AE8F-4CB7-B99B-6321D55A34F7}.Debug|Any CPU.ActiveCfg = Debug|Any CPU
		{76CFCAE2-AE8F-4CB7-B99B-6321D55A34F7}.Debug|Any CPU.Build.0 = Debug|Any CPU
		{76CFCAE2-AE8F-4CB7-B99B-6321D55A34F7}.Release|Any CPU.ActiveCfg = Release|Any CPU
		{76CFCAE2-AE8F-4CB7-B99B-6321D55A34F7}.Release|Any CPU.Build.0 = Release|Any CPU
	EndGlobalSection
	GlobalSection(SolutionProperties) = preSolution
		HideSolutionNode = FALSE
	EndGlobalSection
	GlobalSection(ExtensibilityGlobals) = postSolution
		SolutionGuid = {DD20167F-94E7-4EE8-9535-D249864D1664}
	EndGlobalSection
EndGlobal
